
Microsoft Visual Studio Solution File, Format Version 12.00
# Visual Studio Version 17
VisualStudioVersion = 17.0.31903.59
MinimumVisualStudioVersion = 10.0.40219.1
Project("{FAE04EC0-301F-11D3-BF4B-00C04F79EFBC}") = "App", "App\App.csproj", "{D962B816-FB49-49DC-B2DF-DAF5B3321A59}"
EndProject
Project("{FAE04EC0-301F-11D3-BF4B-00C04F79EFBC}") = "App.Tests", "Tests\App.Tests.csproj", "{43753C7A-35D6-40C9-82C3-121616FD4686}"
EndProject
Global
	GlobalSection(SolutionConfigurationPlatforms) = preSolution
		Debug|Any CPU = Debug|Any CPU
		Release|Any CPU = Release|Any CPU
	EndGlobalSection
	GlobalSection(SolutionProperties) = preSolution
		HideSolutionNode = FALSE
	EndGlobalSection
	GlobalSection(ProjectConfigurationPlatforms) = postSolution
		{D962B816-FB49-49DC-B2DF-DAF5B3321A59}.Debug|Any CPU.ActiveCfg = Debug|Any CPU
		{D962B816-FB49-49DC-B2DF-DAF5B3321A59}.Debug|Any CPU.Build.0 = Debug|Any CPU
		{D962B816-FB49-49DC-B2DF-DAF5B3321A59}.Release|Any CPU.ActiveCfg = Release|Any CPU
		{D962B816-FB49-49DC-B2DF-DAF5B3321A59}.Release|Any CPU.Build.0 = Release|Any CPU
		{43753C7A-35D6-40C9-82C3-121616FD4686}.Debug|Any CPU.ActiveCfg = Debug|Any CPU
		{43753C7A-35D6-40C9-82C3-121616FD4686}.Debug|Any CPU.Build.0 = Debug|Any CPU
		{43753C7A-35D6-40C9-82C3-121616FD4686}.Release|Any CPU.ActiveCfg = Release|Any CPU
		{43753C7A-35D6-40C9-82C3-121616FD4686}.Release|Any CPU.Build.0 = Release|Any CPU
	EndGlobalSection
EndGlobal
